
Microsoft Visual Studio Solution File, Format Version 12.00
# Visual Studio Version 17
VisualStudioVersion = 17.0.32014.148
MinimumVisualStudioVersion = 10.0.40219.1
Project("{8BC9CEB8-8B4A-11D0-8D11-00A0C91BC942}") = "SandBox", "SandBox\SandBox.vcxproj", "{BA462CFB-F9F1-4601-8AC6-97DCC60BD1C5}"
EndProject
Project("{8BC9CEB8-8B4A-11D0-8D11-00A0C91BC942}") = "QC", "QC\QC.vcxproj", "{C05A4C8A-FAAB-49B5-8ACD-B95AA28A5392}"
EndProject
Global
	GlobalSection(SolutionConfigurationPlatforms) = preSolution
		Debug|x64 = Debug|x64
		Release|x64 = Release|x64
	EndGlobalSection
	GlobalSection(ProjectConfigurationPlatforms) = postSolution
		{C05A4C8A-FAAB-49B5-8ACD-B95AA28A5392}.Debug|x64.ActiveCfg = Debug|x64
		{C05A4C8A-FAAB-49B5-8ACD-B95AA28A5392}.Debug|x64.Build.0 = Debug|x64
		{C05A4C8A-FAAB-49B5-8ACD-B95AA28A5392}.Release|x64.ActiveCfg = Release|x64
		{C05A4C8A-FAAB-49B5-8ACD-B95AA28A5392}.Release|x64.Build.0 = Release|x64
		{BA462CFB-F9F1-4601-8AC6-97DCC60BD1C5}.Debug|x64.ActiveCfg = Debug|x64
		{BA462CFB-F9F1-4601-8AC6-97DCC60BD1C5}.Debug|x64.Build.0 = Debug|x64
		{BA462CFB-F9F1-4601-8AC6-97DCC60BD1C5}.Release|x64.ActiveCfg = Release|x64
		{BA462CFB-F9F1-4601-8AC6-97DCC60BD1C5}.Release|x64.Build.0 = Release|x64
	EndGlobalSection
	GlobalSection(SolutionProperties) = preSolution
		HideSolutionNode = FALSE
	EndGlobalSection
	GlobalSection(ExtensibilityGlobals) = postSolution
		SolutionGuid = {8CF19C3E-35E6-4016-BC0E-14B939AC4512}
	EndGlobalSection
EndGlobal
